{
  "version": "2",
  "remote": {
    "https://deno.land/std@0.133.0/fmt/colors.ts": "30455035d6d728394781c10755351742dd731e3db6771b1843f9b9e490104d37",
    "https://deno.land/std@0.133.0/testing/_diff.ts": "9d849cd6877694152e01775b2d93f9d6b7aef7e24bfe3bfafc4d7a1ac8e9f392",
    "https://deno.land/std@0.133.0/testing/asserts.ts": "b0ef969032882b1f7eb1c7571e313214baa1485f7b61cf35807b2434e254365c",
    "https://deno.land/std@0.97.0/fmt/colors.ts": "db22b314a2ae9430ae7460ce005e0a7130e23ae1c999157e3bb77cf55800f7e4",
    "https://deno.land/std@0.97.0/testing/_diff.ts": "961eaf6d9f5b0a8556c9d835bbc6fa74f5addd7d3b02728ba7936ff93364f7a3",
    "https://deno.land/std@0.97.0/testing/asserts.ts": "341292d12eebc44be4c3c2ca101ba8b6b5859cef2fa69d50c217f9d0bfbcfd1f",
    "https://deno.land/x/expect@v0.3.0/expect.ts": "5e6717eddc9df376f7b2c9be6403e016130bb2edbb1acd261a2d6ea9608ee196",
    "https://deno.land/x/expect@v0.3.0/matchers.ts": "a37ef4577739247af77a852cdcd69484f999a41ad86ec16bb63a88a7a47a2372",
    "https://deno.land/x/expect@v0.3.0/mock.ts": "562d4b1d735d15b0b8e935f342679096b64fe452f86e96714fe8616c0c884914",
    "https://deno.land/x/expect@v0.3.0/mod.ts": "0304d2430e1e96ba669a8495e24ba606dcc3d152e1f81aaa8da898cea24e36c2",
    "https://deno.land/x/ts_matches@v5.2.1/src/matches.ts": "0c52fd4292e8e0b7c4d8af6bc4d26a00e8f8a48527ee95031caa6c3e4da066a0",
    "https://deno.land/x/ts_matches@v5.2.1/src/parsers/any-parser.ts": "40796de8dc0b02dd49d6ca4cc5e251600b0f9546b3850d8808a8e6b5bf7c3640",
    "https://deno.land/x/ts_matches@v5.2.1/src/parsers/array-of-parser.ts": "2bfdcf6c91594209832c957dbb047cc0034bf89d6f03b1378c47bf083864add8",
    "https://deno.land/x/ts_matches@v5.2.1/src/parsers/array-parser.ts": "ffcc1d7b1d23d4fcfafec58fc7853c9296c9b87d58bda2bd5787d5e2291c283f",
    "https://deno.land/x/ts_matches@v5.2.1/src/parsers/bool-parser.ts": "d1f746933b37eb1e74a355ab0e340349f980e5720437b5921f6068b4efb7f373",
    "https://deno.land/x/ts_matches@v5.2.1/src/parsers/concat-parser.ts": "76ccd6bbe174cdec29be53d802cd96c8038f0bba7c3b853ab794aecd9a778ce1",
    "https://deno.land/x/ts_matches@v5.2.1/src/parsers/default-parser.ts": "6de393d56a0b3c8bd7cbc73433aac006785566e8828a8e7de042e1aceb2cf916",
    "https://deno.land/x/ts_matches@v5.2.1/src/parsers/deferred-parser.ts": "828e94d81e5851f6992462929643582d76a46b73ebf23efb67b9d11b5b4f5bcc",
    "https://deno.land/x/ts_matches@v5.2.1/src/parsers/dictionary-parser.ts": "f558fe293485046b0002da0772bcd19ec0de55a7295776dc81af46134bb81e28",
    "https://deno.land/x/ts_matches@v5.2.1/src/parsers/every-parser.ts": "d3fac4a78e51ee1c91c432f9d917a608ef1b98d427168de6d6b48cd9db3813cf",
    "https://deno.land/x/ts_matches@v5.2.1/src/parsers/function-parser.ts": "39bfbaf6a24d98590c991ba0b598b230fa2138921ba2e9af46126701c7f2172a",
    "https://deno.land/x/ts_matches@v5.2.1/src/parsers/guard-parser.ts": "1a2f388d7c589beffd92b7f40b291c60d365f13a02c6b2d3de853e241a274801",
    "https://deno.land/x/ts_matches@v5.2.1/src/parsers/index.ts": "5c0f3e12baa1f924832d2be901a9806866a3b211833389f0ce9188b74b178203",
    "https://deno.land/x/ts_matches@v5.2.1/src/parsers/interfaces.ts": "b4bf837dc9299bef7b71c18277ff066e11f51ab4668f6d1f2f617d38bd8bc31e",
    "https://deno.land/x/ts_matches@v5.2.1/src/parsers/literal-parser.ts": "bf60ea540e33764706e225b9da0c6282593f47d6fbd4098c503c4c24b0cc65e2",
    "https://deno.land/x/ts_matches@v5.2.1/src/parsers/mapped-parser.ts": "25c8bd31aa873b918f77be83d1ed5136ba384d958f8b9f8c3cdc5f3fcb7b8e95",
    "https://deno.land/x/ts_matches@v5.2.1/src/parsers/maybe-parser.ts": "c3dc70090182e915398b637dcf4c81c4e0f9c71240dc1d700c9e14e735397263",
    "https://deno.land/x/ts_matches@v5.2.1/src/parsers/named.ts": "1f332915d30831a1e33e9a4a0b2aa3ebaecd69f0af80884c22fecb18adf9c5eb",
    "https://deno.land/x/ts_matches@v5.2.1/src/parsers/nill-parser.ts": "345636edf79d1c63311574fb25945da423f3f05a7d8047416cdf84538ebfa7f4",
    "https://deno.land/x/ts_matches@v5.2.1/src/parsers/number-parser.ts": "37129e2484f669fa14d6e5ad839f5af9fc1dd971c168ec3770f560b6c5dac055",
    "https://deno.land/x/ts_matches@v5.2.1/src/parsers/object-parser.ts": "18d82d4522b12bb7bcf7a2d280c84ecc9f9ede8e846e653bb7238800393934d6",
    "https://deno.land/x/ts_matches@v5.2.1/src/parsers/or-parser.ts": "2df410eae6955ed3dad7aa84f3324d241923519f6047b6f09432a3f04e51f119",
    "https://deno.land/x/ts_matches@v5.2.1/src/parsers/parser.ts": "06dff151bb79672f7b18387c7869f1a2fb952c8c6799bbc508e9b2261aa4f5d9",
    "https://deno.land/x/ts_matches@v5.2.1/src/parsers/recursive-parser.ts": "f7f9ebacdc099e8933aa6f2b8465569182f5a1b3c00332dac1505fa9ff154741",
    "https://deno.land/x/ts_matches@v5.2.1/src/parsers/shape-parser.ts": "f24faa30044872c28d6d93c43e4784e537774b17525f3e1e79cc5e26b9c23da1",
    "https://deno.land/x/ts_matches@v5.2.1/src/parsers/simple-parsers.ts": "fa2f06ab62026b8b8e5eef101d5de16fc977fd5e4715866109cad22af3d23cb8",
    "https://deno.land/x/ts_matches@v5.2.1/src/parsers/some-parser.ts": "cd649a965a4f43e3a4554695e8c53763b14737de8eacfe9632552c4d57b9b510",
    "https://deno.land/x/ts_matches@v5.2.1/src/parsers/string-parser.ts": "afae3312cb9c794c76f3342d641f2a9311f25f55fa801a81c81f7a0789c06522",
    "https://deno.land/x/ts_matches@v5.2.1/src/parsers/tuple-parser.ts": "83620fce5aa2031f438452e9c3e227b704fca27286a23a0d8989f970ef33a84c",
    "https://deno.land/x/ts_matches@v5.2.1/src/parsers/unknown-parser.ts": "3ed0fb66dbc47f1bccb9d8fb199e08c7798aacc2e06622e377d7178a32a62238",
    "https://deno.land/x/ts_matches@v5.2.1/src/parsers/utils.ts": "9852991bab9dda3f1479b3b2204b592f09c995cb9f6432ca1d940e530720906d",
    "https://deno.land/x/ts_matches@v5.2.1/src/utils.ts": "fb60d0afbca25ade70921fbaea9ca885c1da78f320ec8a9e6d494d3a5afd1171"
  }
}