{
  "lockfile-version": 1,
  "manifest": {
    "version": 1,
    "install": {
      "nodejs": {
        "pkg-path": "nodejs"
      }
    },
    "hook": {
      "on-activate": "  # Autogenerated by Flox\n\n  # Install nodejs dependencies\n  npm install\n\n  # End autogenerated by Flox\n"
    },
    "profile": {},
    "options": {
      "systems": [
        "aarch64-darwin",
        "aarch64-linux",
        "x86_64-darwin",
        "x86_64-linux"
      ]
    }
  },
  "packages": [
    {
      "attr_path": "nodejs",
      "broken": false,
      "derivation": "/nix/store/dv56b2484ciasdm6pqcsabw8b8kgs696-nodejs-22.14.0.drv",
      "description": "Event-driven I/O framework for the V8 JavaScript engine",
      "install_id": "nodejs",
      "license": "MIT",
      "locked_url": "https://github.com/flox/nixpkgs?rev=910796cabe436259a29a72e8d3f5e180fc6dfacc",
      "name": "nodejs-22.14.0",
      "pname": "nodejs",
      "rev": "910796cabe436259a29a72e8d3f5e180fc6dfacc",
      "rev_count": 808478,
      "rev_date": "2025-05-31T12:05:15Z",
      "scrape_date": "2025-06-02T04:25:09.318271Z",
      "stabilities": [
        "unstable"
      ],
      "unfree": false,
      "version": "22.14.0",
      "outputs_to_install": [
        "out"
      ],
      "outputs": {
        "dev": "/nix/store/96vpirdcns8zxdwzwl7n804012lwrf1n-nodejs-22.14.0-dev",
        "libv8": "/nix/store/xph2837xqjnra80mqlk64xp7vb3kkqxs-nodejs-22.14.0-libv8",
        "out": "/nix/store/g5bv4gi6p7ryhs2hbaryxs6ivsxa6lqc-nodejs-22.14.0"
      },
      "system": "aarch64-darwin",
      "group": "toplevel",
      "priority": 5
    },
    {
      "attr_path": "nodejs",
      "broken": false,
      "derivation": "/nix/store/854x3w5p03fzvyfjxnfl4isb7jb0c4hc-nodejs-22.14.0.drv",
      "description": "Event-driven I/O framework for the V8 JavaScript engine",
      "install_id": "nodejs",
      "license": "MIT",
      "locked_url": "https://github.com/flox/nixpkgs?rev=910796cabe436259a29a72e8d3f5e180fc6dfacc",
      "name": "nodejs-22.14.0",
      "pname": "nodejs",
      "rev": "910796cabe436259a29a72e8d3f5e180fc6dfacc",
      "rev_count": 808478,
      "rev_date": "2025-05-31T12:05:15Z",
      "scrape_date": "2025-06-02T04:45:39.519720Z",
      "stabilities": [
        "unstable"
      ],
      "unfree": false,
      "version": "22.14.0",
      "outputs_to_install": [
        "out"
      ],
      "outputs": {
        "dev": "/nix/store/0w5mql46am2qai707a42q983l44l1h9z-nodejs-22.14.0-dev",
        "libv8": "/nix/store/vy56lahz381ayvw3hym3wj4r4ggv7gbk-nodejs-22.14.0-libv8",
        "out": "/nix/store/cwb781xbp70f72njqh8vhvbsf1xq87i5-nodejs-22.14.0"
      },
      "system": "aarch64-linux",
      "group": "toplevel",
      "priority": 5
    },
    {
      "attr_path": "nodejs",
      "broken": false,
      "derivation": "/nix/store/5fg6q2k7q1632y9xn9c09f5xdcfgkn14-nodejs-22.14.0.drv",
      "description": "Event-driven I/O framework for the V8 JavaScript engine",
      "install_id": "nodejs",
      "license": "MIT",
      "locked_url": "https://github.com/flox/nixpkgs?rev=910796cabe436259a29a72e8d3f5e180fc6dfacc",
      "name": "nodejs-22.14.0",
      "pname": "nodejs",
      "rev": "910796cabe436259a29a72e8d3f5e180fc6dfacc",
      "rev_count": 808478,
      "rev_date": "2025-05-31T12:05:15Z",
      "scrape_date": "2025-06-02T05:04:05.211900Z",
      "stabilities": [
        "unstable"
      ],
      "unfree": false,
      "version": "22.14.0",
      "outputs_to_install": [
        "out"
      ],
      "outputs": {
        "dev": "/nix/store/24n01nfvy908pwzwpgsl0k4227187i7i-nodejs-22.14.0-dev",
        "libv8": "/nix/store/jiwk0in1wk85crn9vp03gg937gbh1s0w-nodejs-22.14.0-libv8",
        "out": "/nix/store/086zjv14ipka2vbpgwil3xyvi5ml4vh3-nodejs-22.14.0"
      },
      "system": "x86_64-darwin",
      "group": "toplevel",
      "priority": 5
    },
    {
      "attr_path": "nodejs",
      "broken": false,
      "derivation": "/nix/store/s7njrwlm4w6855mkjamliyjsp0d37vz1-nodejs-22.14.0.drv",
      "description": "Event-driven I/O framework for the V8 JavaScript engine",
      "install_id": "nodejs",
      "license": "MIT",
      "locked_url": "https://github.com/flox/nixpkgs?rev=910796cabe436259a29a72e8d3f5e180fc6dfacc",
      "name": "nodejs-22.14.0",
      "pname": "nodejs",
      "rev": "910796cabe436259a29a72e8d3f5e180fc6dfacc",
      "rev_count": 808478,
      "rev_date": "2025-05-31T12:05:15Z",
      "scrape_date": "2025-06-02T05:26:24.006938Z",
      "stabilities": [
        "unstable"
      ],
      "unfree": false,
      "version": "22.14.0",
      "outputs_to_install": [
        "out"
      ],
      "outputs": {
        "dev": "/nix/store/xw8c1c0inxq3xl1d7axz19vq8c05kjk5-nodejs-22.14.0-dev",
        "libv8": "/nix/store/s8gnrgh9hgnbkrc1wrn21d6zvkbvm9vi-nodejs-22.14.0-libv8",
        "out": "/nix/store/c8jxsih8yy2rnncdmx2hyraizf689nvp-nodejs-22.14.0"
      },
      "system": "x86_64-linux",
      "group": "toplevel",
      "priority": 5
    }
  ]
}